
Microsoft Visual Studio Solution File, Format Version 12.00
# Visual Studio Version 17
VisualStudioVersion = 17.14.36310.24 d17.14
MinimumVisualStudioVersion = 10.0.40219.1
Project("{FAE04EC0-301F-11D3-BF4B-00C04F79EFBC}") = "Aula2", "Aula2.csproj", "{F9C82C61-E197-49C0-B24B-9671C5F6F161}"
EndProject
Global
	GlobalSection(SolutionConfigurationPlatforms) = preSolution
		Debug|Any CPU = Debug|Any CPU
		Release|Any CPU = Release|Any CPU
	EndGlobalSection
	GlobalSection(ProjectConfigurationPlatforms) = postSolution
		{F9C82C61-E197-49C0-B24B-9671C5F6F161}.Debug|Any CPU.ActiveCfg = Debug|Any CPU
		{F9C82C61-E197-49C0-B24B-9671C5F6F161}.Debug|Any CPU.Build.0 = Debug|Any CPU
		{F9C82C61-E197-49C0-B24B-9671C5F6F161}.Release|Any CPU.ActiveCfg = Release|Any CPU
		{F9C82C61-E197-49C0-B24B-9671C5F6F161}.Release|Any CPU.Build.0 = Release|Any CPU
	EndGlobalSection
	GlobalSection(SolutionProperties) = preSolution
		HideSolutionNode = FALSE
	EndGlobalSection
	GlobalSection(ExtensibilityGlobals) = postSolution
		SolutionGuid = {0EDF8DC5-D72C-4981-BEA0-F89EB8D5EEBA}
	EndGlobalSection
EndGlobal
